// !$*UTF8*$!
{
	archiveVersion = 1;
	classes = {
	};
	objectVersion = 56;
	objects = {

/* Begin PBXBuildFile section */
		3F8FAB672B63CCFD0005D019 /* AppDelegate.swift in Sources */ = {isa = PBXBuildFile; fileRef = 3F8FAB662B63CCFD0005D019 /* AppDelegate.swift */; };
		3F8FAB692B63CCFD0005D019 /* SceneDelegate.swift in Sources */ = {isa = PBXBuildFile; fileRef = 3F8FAB682B63CCFD0005D019 /* SceneDelegate.swift */; };
		3F8FAB6B2B63CCFD0005D019 /* FirstViewController.swift in Sources */ = {isa = PBXBuildFile; fileRef = 3F8FAB6A2B63CCFD0005D019 /* FirstViewController.swift */; };
		3F8FAB702B63CD010005D019 /* Assets.xcassets in Resources */ = {isa = PBXBuildFile; fileRef = 3F8FAB6F2B63CD010005D019 /* Assets.xcassets */; };
		3F8FAB732B63CD010005D019 /* LaunchScreen.storyboard in Resources */ = {isa = PBXBuildFile; fileRef = 3F8FAB712B63CD010005D019 /* LaunchScreen.storyboard */; };
		3F8FAB7D2B63CEC90005D019 /* SecondViewController.swift in Sources */ = {isa = PBXBuildFile; fileRef = 3F8FAB7C2B63CEC90005D019 /* SecondViewController.swift */; };
		3F8FAB862B63E3480005D019 /* DropDownTableViewCell.swift in Sources */ = {isa = PBXBuildFile; fileRef = 3F8FAB852B63E3480005D019 /* DropDownTableViewCell.swift */; };
		3F8FAB882B63E92F0005D019 /* Colors.swift in Sources */ = {isa = PBXBuildFile; fileRef = 3F8FAB872B63E92F0005D019 /* Colors.swift */; };
		3F8FAB8B2B640CAE0005D019 /* AdresDelegate.swift in Sources */ = {isa = PBXBuildFile; fileRef = 3F8FAB8A2B640CAE0005D019 /* AdresDelegate.swift */; };
		3F8FAB8D2B640F270005D019 /* CellDelegate.swift in Sources */ = {isa = PBXBuildFile; fileRef = 3F8FAB8C2B640F270005D019 /* CellDelegate.swift */; };
		3F8FAB8F2B64184B0005D019 /* FirstViewController + Delegates.swift in Sources */ = {isa = PBXBuildFile; fileRef = 3F8FAB8E2B64184B0005D019 /* FirstViewController + Delegates.swift */; };
		3F8FAB942B654C180005D019 /* CustomTableView.swift in Sources */ = {isa = PBXBuildFile; fileRef = 3F8FAB932B654C180005D019 /* CustomTableView.swift */; };
		3F8FAB972B66958C0005D019 /* CustomDropDown.swift in Sources */ = {isa = PBXBuildFile; fileRef = 3F8FAB962B66958C0005D019 /* CustomDropDown.swift */; };
		3F8FAB992B6695BC0005D019 /* CustomDropDownAnimations.swift in Sources */ = {isa = PBXBuildFile; fileRef = 3F8FAB982B6695BC0005D019 /* CustomDropDownAnimations.swift */; };
		3F8FAB9E2B66AE7D0005D019 /* TestCell.swift in Sources */ = {isa = PBXBuildFile; fileRef = 3F8FAB9D2B66AE7D0005D019 /* TestCell.swift */; };
		3F8FABA02B6785300005D019 /* OpenAddressDelegate.swift in Sources */ = {isa = PBXBuildFile; fileRef = 3F8FAB9F2B6785300005D019 /* OpenAddressDelegate.swift */; };
		4DE5EE6DAEC7901F3F471EA3 /* Pods_DropDown.framework in Frameworks */ = {isa = PBXBuildFile; fileRef = 659F49798D518A3FC641AB0F /* Pods_DropDown.framework */; };
/* End PBXBuildFile section */

/* Begin PBXFileReference section */
		02AAEE8FF8F706A98B4BAD77 /* Pods-DropDown.release.xcconfig */ = {isa = PBXFileReference; includeInIndex = 1; lastKnownFileType = text.xcconfig; name = "Pods-DropDown.release.xcconfig"; path = "Target Support Files/Pods-DropDown/Pods-DropDown.release.xcconfig"; sourceTree = "<group>"; };
		3F8FAB632B63CCFD0005D019 /* DropDown.app */ = {isa = PBXFileReference; explicitFileType = wrapper.application; includeInIndex = 0; path = DropDown.app; sourceTree = BUILT_PRODUCTS_DIR; };
		3F8FAB662B63CCFD0005D019 /* AppDelegate.swift */ = {isa = PBXFileReference; lastKnownFileType = sourcecode.swift; path = AppDelegate.swift; sourceTree = "<group>"; };
		3F8FAB682B63CCFD0005D019 /* SceneDelegate.swift */ = {isa = PBXFileReference; lastKnownFileType = sourcecode.swift; path = SceneDelegate.swift; sourceTree = "<group>"; };
		3F8FAB6A2B63CCFD0005D019 /* FirstViewController.swift */ = {isa = PBXFileReference; lastKnownFileType = sourcecode.swift; path = FirstViewController.swift; sourceTree = "<group>"; };
		3F8FAB6F2B63CD010005D019 /* Assets.xcassets */ = {isa = PBXFileReference; lastKnownFileType = folder.assetcatalog; path = Assets.xcassets; sourceTree = "<group>"; };
		3F8FAB722B63CD010005D019 /* Base */ = {isa = PBXFileReference; lastKnownFileType = file.storyboard; name = Base; path = Base.lproj/LaunchScreen.storyboard; sourceTree = "<group>"; };
		3F8FAB742B63CD010005D019 /* Info.plist */ = {isa = PBXFileReference; lastKnownFileType = text.plist.xml; path = Info.plist; sourceTree = "<group>"; };
		3F8FAB7C2B63CEC90005D019 /* SecondViewController.swift */ = {isa = PBXFileReference; lastKnownFileType = sourcecode.swift; path = SecondViewController.swift; sourceTree = "<group>"; };
		3F8FAB852B63E3480005D019 /* DropDownTableViewCell.swift */ = {isa = PBXFileReference; lastKnownFileType = sourcecode.swift; path = DropDownTableViewCell.swift; sourceTree = "<group>"; };
		3F8FAB872B63E92F0005D019 /* Colors.swift */ = {isa = PBXFileReference; lastKnownFileType = sourcecode.swift; path = Colors.swift; sourceTree = "<group>"; };
		3F8FAB8A2B640CAE0005D019 /* AdresDelegate.swift */ = {isa = PBXFileReference; lastKnownFileType = sourcecode.swift; path = AdresDelegate.swift; sourceTree = "<group>"; };
		3F8FAB8C2B640F270005D019 /* CellDelegate.swift */ = {isa = PBXFileReference; lastKnownFileType = sourcecode.swift; path = CellDelegate.swift; sourceTree = "<group>"; };
		3F8FAB8E2B64184B0005D019 /* FirstViewController + Delegates.swift */ = {isa = PBXFileReference; lastKnownFileType = sourcecode.swift; path = "FirstViewController + Delegates.swift"; sourceTree = "<group>"; };
		3F8FAB932B654C180005D019 /* CustomTableView.swift */ = {isa = PBXFileReference; lastKnownFileType = sourcecode.swift; path = CustomTableView.swift; sourceTree = "<group>"; };
		3F8FAB962B66958C0005D019 /* CustomDropDown.swift */ = {isa = PBXFileReference; lastKnownFileType = sourcecode.swift; path = CustomDropDown.swift; sourceTree = "<group>"; };
		3F8FAB982B6695BC0005D019 /* CustomDropDownAnimations.swift */ = {isa = PBXFileReference; lastKnownFileType = sourcecode.swift; path = CustomDropDownAnimations.swift; sourceTree = "<group>"; };
		3F8FAB9D2B66AE7D0005D019 /* TestCell.swift */ = {isa = PBXFileReference; lastKnownFileType = sourcecode.swift; path = TestCell.swift; sourceTree = "<group>"; };
		3F8FAB9F2B6785300005D019 /* OpenAddressDelegate.swift */ = {isa = PBXFileReference; lastKnownFileType = sourcecode.swift; path = OpenAddressDelegate.swift; sourceTree = "<group>"; };
		659F49798D518A3FC641AB0F /* Pods_DropDown.framework */ = {isa = PBXFileReference; explicitFileType = wrapper.framework; includeInIndex = 0; path = Pods_DropDown.framework; sourceTree = BUILT_PRODUCTS_DIR; };
		EBD6B22D19CF309CD9F47B61 /* Pods-DropDown.debug.xcconfig */ = {isa = PBXFileReference; includeInIndex = 1; lastKnownFileType = text.xcconfig; name = "Pods-DropDown.debug.xcconfig"; path = "Target Support Files/Pods-DropDown/Pods-DropDown.debug.xcconfig"; sourceTree = "<group>"; };
/* End PBXFileReference section */

/* Begin PBXFrameworksBuildPhase section */
		3F8FAB602B63CCFD0005D019 /* Frameworks */ = {
			isa = PBXFrameworksBuildPhase;
			buildActionMask = 2147483647;
			files = (
				4DE5EE6DAEC7901F3F471EA3 /* Pods_DropDown.framework in Frameworks */,
			);
			runOnlyForDeploymentPostprocessing = 0;
		};
/* End PBXFrameworksBuildPhase section */

/* Begin PBXGroup section */
		3F8FAB5A2B63CCFD0005D019 = {
			isa = PBXGroup;
			children = (
				3F8FAB652B63CCFD0005D019 /* DropDown */,
				3F8FAB642B63CCFD0005D019 /* Products */,
				8B6B343C2C9D09B1F7ADF699 /* Pods */,
				5E51CBEB6FAA468202966DE9 /* Frameworks */,
			);
			sourceTree = "<group>";
		};
		3F8FAB642B63CCFD0005D019 /* Products */ = {
			isa = PBXGroup;
			children = (
				3F8FAB632B63CCFD0005D019 /* DropDown.app */,
			);
			name = Products;
			sourceTree = "<group>";
		};
		3F8FAB652B63CCFD0005D019 /* DropDown */ = {
			isa = PBXGroup;
			children = (
				3F8FAB952B6695720005D019 /* CustomDropDown */,
				3F8FAB922B654C090005D019 /* CustomTableView */,
				3F8FAB892B640C8E0005D019 /* AdresDelegate */,
				3F8FAB7B2B63CEB40005D019 /* SecondViewController */,
				3F8FAB7A2B63CE9D0005D019 /* FirstViewConntroller */,
				3F8FAB662B63CCFD0005D019 /* AppDelegate.swift */,
				3F8FAB682B63CCFD0005D019 /* SceneDelegate.swift */,
				3F8FAB9D2B66AE7D0005D019 /* TestCell.swift */,
				3F8FAB6F2B63CD010005D019 /* Assets.xcassets */,
				3F8FAB712B63CD010005D019 /* LaunchScreen.storyboard */,
				3F8FAB742B63CD010005D019 /* Info.plist */,
				3F8FAB872B63E92F0005D019 /* Colors.swift */,
			);
			path = DropDown;
			sourceTree = "<group>";
		};
		3F8FAB7A2B63CE9D0005D019 /* FirstViewConntroller */ = {
			isa = PBXGroup;
			children = (
				3F8FAB6A2B63CCFD0005D019 /* FirstViewController.swift */,
				3F8FAB842B63E3260005D019 /* Cell */,
				3F8FAB812B63D0D00005D019 /* Extensions */,
			);
			path = FirstViewConntroller;
			sourceTree = "<group>";
		};
		3F8FAB7B2B63CEB40005D019 /* SecondViewController */ = {
			isa = PBXGroup;
			children = (
				3F8FAB7C2B63CEC90005D019 /* SecondViewController.swift */,
			);
			path = SecondViewController;
			sourceTree = "<group>";
		};
		3F8FAB812B63D0D00005D019 /* Extensions */ = {
			isa = PBXGroup;
			children = (
				3F8FAB8E2B64184B0005D019 /* FirstViewController + Delegates.swift */,
			);
			path = Extensions;
			sourceTree = "<group>";
		};
		3F8FAB842B63E3260005D019 /* Cell */ = {
			isa = PBXGroup;
			children = (
				3F8FAB852B63E3480005D019 /* DropDownTableViewCell.swift */,
			);
			path = Cell;
			sourceTree = "<group>";
		};
		3F8FAB892B640C8E0005D019 /* AdresDelegate */ = {
			isa = PBXGroup;
			children = (
				3F8FAB8A2B640CAE0005D019 /* AdresDelegate.swift */,
				3F8FAB8C2B640F270005D019 /* CellDelegate.swift */,
			);
			path = AdresDelegate;
			sourceTree = "<group>";
		};
		3F8FAB922B654C090005D019 /* CustomTableView */ = {
			isa = PBXGroup;
			children = (
				3F8FAB932B654C180005D019 /* CustomTableView.swift */,
			);
			path = CustomTableView;
			sourceTree = "<group>";
		};
		3F8FAB952B6695720005D019 /* CustomDropDown */ = {
			isa = PBXGroup;
			children = (
				3F8FAB962B66958C0005D019 /* CustomDropDown.swift */,
				3F8FAB9F2B6785300005D019 /* OpenAddressDelegate.swift */,
				3F8FAB982B6695BC0005D019 /* CustomDropDownAnimations.swift */,
			);
			path = CustomDropDown;
			sourceTree = "<group>";
		};
		5E51CBEB6FAA468202966DE9 /* Frameworks */ = {
			isa = PBXGroup;
			children = (
				659F49798D518A3FC641AB0F /* Pods_DropDown.framework */,
			);
			name = Frameworks;
			sourceTree = "<group>";
		};
		8B6B343C2C9D09B1F7ADF699 /* Pods */ = {
			isa = PBXGroup;
			children = (
				EBD6B22D19CF309CD9F47B61 /* Pods-DropDown.debug.xcconfig */,
				02AAEE8FF8F706A98B4BAD77 /* Pods-DropDown.release.xcconfig */,
			);
			path = Pods;
			sourceTree = "<group>";
		};
/* End PBXGroup section */

/* Begin PBXNativeTarget section */
		3F8FAB622B63CCFD0005D019 /* DropDown */ = {
			isa = PBXNativeTarget;
			buildConfigurationList = 3F8FAB772B63CD010005D019 /* Build configuration list for PBXNativeTarget "DropDown" */;
			buildPhases = (
				3D87FDEF017AF8086D841367 /* [CP] Check Pods Manifest.lock */,
				3F8FAB5F2B63CCFD0005D019 /* Sources */,
				3F8FAB602B63CCFD0005D019 /* Frameworks */,
				3F8FAB612B63CCFD0005D019 /* Resources */,
				2995DEEBC3C0575A05981569 /* [CP] Embed Pods Frameworks */,
			);
			buildRules = (
			);
			dependencies = (
			);
			name = DropDown;
			productName = DropDown;
			productReference = 3F8FAB632B63CCFD0005D019 /* DropDown.app */;
			productType = "com.apple.product-type.application";
		};
/* End PBXNativeTarget section */

/* Begin PBXProject section */
		3F8FAB5B2B63CCFD0005D019 /* Project object */ = {
			isa = PBXProject;
			attributes = {
				BuildIndependentTargetsInParallel = 1;
				LastSwiftUpdateCheck = 1420;
				LastUpgradeCheck = 1420;
				TargetAttributes = {
					3F8FAB622B63CCFD0005D019 = {
						CreatedOnToolsVersion = 14.2;
					};
				};
			};
			buildConfigurationList = 3F8FAB5E2B63CCFD0005D019 /* Build configuration list for PBXProject "DropDown" */;
			compatibilityVersion = "Xcode 14.0";
			developmentRegion = en;
			hasScannedForEncodings = 0;
			knownRegions = (
				en,
				Base,
			);
			mainGroup = 3F8FAB5A2B63CCFD0005D019;
			productRefGroup = 3F8FAB642B63CCFD0005D019 /* Products */;
			projectDirPath = "";
			projectRoot = "";
			targets = (
				3F8FAB622B63CCFD0005D019 /* DropDown */,
			);
		};
/* End PBXProject section */

/* Begin PBXResourcesBuildPhase section */
		3F8FAB612B63CCFD0005D019 /* Resources */ = {
			isa = PBXResourcesBuildPhase;
			buildActionMask = 2147483647;
			files = (
				3F8FAB732B63CD010005D019 /* LaunchScreen.storyboard in Resources */,
				3F8FAB702B63CD010005D019 /* Assets.xcassets in Resources */,
			);
			runOnlyForDeploymentPostprocessing = 0;
		};
/* End PBXResourcesBuildPhase section */

/* Begin PBXShellScriptBuildPhase section */
		2995DEEBC3C0575A05981569 /* [CP] Embed Pods Frameworks */ = {
			isa = PBXShellScriptBuildPhase;
			buildActionMask = 2147483647;
			files = (
			);
			inputFileListPaths = (
				"${PODS_ROOT}/Target Support Files/Pods-DropDown/Pods-DropDown-frameworks-${CONFIGURATION}-input-files.xcfilelist",
			);
			name = "[CP] Embed Pods Frameworks";
			outputFileListPaths = (
				"${PODS_ROOT}/Target Support Files/Pods-DropDown/Pods-DropDown-frameworks-${CONFIGURATION}-output-files.xcfilelist",
			);
			runOnlyForDeploymentPostprocessing = 0;
			shellPath = /bin/sh;
			shellScript = "\"${PODS_ROOT}/Target Support Files/Pods-DropDown/Pods-DropDown-frameworks.sh\"\n";
			showEnvVarsInLog = 0;
		};
		3D87FDEF017AF8086D841367 /* [CP] Check Pods Manifest.lock */ = {
			isa = PBXShellScriptBuildPhase;
			buildActionMask = 2147483647;
			files = (
			);
			inputFileListPaths = (
			);
			inputPaths = (
				"${PODS_PODFILE_DIR_PATH}/Podfile.lock",
				"${PODS_ROOT}/Manifest.lock",
			);
			name = "[CP] Check Pods Manifest.lock";
			outputFileListPaths = (
			);
			outputPaths = (
				"$(DERIVED_FILE_DIR)/Pods-DropDown-checkManifestLockResult.txt",
			);
			runOnlyForDeploymentPostprocessing = 0;
			shellPath = /bin/sh;
			shellScript = "diff \"${PODS_PODFILE_DIR_PATH}/Podfile.lock\" \"${PODS_ROOT}/Manifest.lock\" > /dev/null\nif [ $? != 0 ] ; then\n    # print error to STDERR\n    echo \"error: The sandbox is not in sync with the Podfile.lock. Run 'pod install' or update your CocoaPods installation.\" >&2\n    exit 1\nfi\n# This output is used by Xcode 'outputs' to avoid re-running this script phase.\necho \"SUCCESS\" > \"${SCRIPT_OUTPUT_FILE_0}\"\n";
			showEnvVarsInLog = 0;
		};
/* End PBXShellScriptBuildPhase section */

/* Begin PBXSourcesBuildPhase section */
		3F8FAB5F2B63CCFD0005D019 /* Sources */ = {
			isa = PBXSourcesBuildPhase;
			buildActionMask = 2147483647;
			files = (
				3F8FAB972B66958C0005D019 /* CustomDropDown.swift in Sources */,
				3F8FAB8D2B640F270005D019 /* CellDelegate.swift in Sources */,
				3F8FAB992B6695BC0005D019 /* CustomDropDownAnimations.swift in Sources */,
				3F8FAB8F2B64184B0005D019 /* FirstViewController + Delegates.swift in Sources */,
				3F8FAB942B654C180005D019 /* CustomTableView.swift in Sources */,
				3F8FAB8B2B640CAE0005D019 /* AdresDelegate.swift in Sources */,
				3F8FABA02B6785300005D019 /* OpenAddressDelegate.swift in Sources */,
				3F8FAB9E2B66AE7D0005D019 /* TestCell.swift in Sources */,
				3F8FAB882B63E92F0005D019 /* Colors.swift in Sources */,
				3F8FAB7D2B63CEC90005D019 /* SecondViewController.swift in Sources */,
				3F8FAB862B63E3480005D019 /* DropDownTableViewCell.swift in Sources */,
				3F8FAB6B2B63CCFD0005D019 /* FirstViewController.swift in Sources */,
				3F8FAB672B63CCFD0005D019 /* AppDelegate.swift in Sources */,
				3F8FAB692B63CCFD0005D019 /* SceneDelegate.swift in Sources */,
			);
			runOnlyForDeploymentPostprocessing = 0;
		};
/* End PBXSourcesBuildPhase section */

/* Begin PBXVariantGroup section */
		3F8FAB712B63CD010005D019 /* LaunchScreen.storyboard */ = {
			isa = PBXVariantGroup;
			children = (
				3F8FAB722B63CD010005D019 /* Base */,
			);
			name = LaunchScreen.storyboard;
			sourceTree = "<group>";
		};
/* End PBXVariantGroup section */

/* Begin XCBuildConfiguration section */
		3F8FAB752B63CD010005D019 /* Debug */ = {
			isa = XCBuildConfiguration;
			buildSettings = {
				ALWAYS_SEARCH_USER_PATHS = NO;
				CLANG_ANALYZER_NONNULL = YES;
				CLANG_ANALYZER_NUMBER_OBJECT_CONVERSION = YES_AGGRESSIVE;
				CLANG_CXX_LANGUAGE_STANDARD = "gnu++20";
				CLANG_ENABLE_MODULES = YES;
				CLANG_ENABLE_OBJC_ARC = YES;
				CLANG_ENABLE_OBJC_WEAK = YES;
				CLANG_WARN_BLOCK_CAPTURE_AUTORELEASING = YES;
				CLANG_WARN_BOOL_CONVERSION = YES;
				CLANG_WARN_COMMA = YES;
				CLANG_WARN_CONSTANT_CONVERSION = YES;
				CLANG_WARN_DEPRECATED_OBJC_IMPLEMENTATIONS = YES;
				CLANG_WARN_DIRECT_OBJC_ISA_USAGE = YES_ERROR;
				CLANG_WARN_DOCUMENTATION_COMMENTS = YES;
				CLANG_WARN_EMPTY_BODY = YES;
				CLANG_WARN_ENUM_CONVERSION = YES;
				CLANG_WARN_INFINITE_RECURSION = YES;
				CLANG_WARN_INT_CONVERSION = YES;
				CLANG_WARN_NON_LITERAL_NULL_CONVERSION = YES;
				CLANG_WARN_OBJC_IMPLICIT_RETAIN_SELF = YES;
				CLANG_WARN_OBJC_LITERAL_CONVERSION = YES;
				CLANG_WARN_OBJC_ROOT_CLASS = YES_ERROR;
				CLANG_WARN_QUOTED_INCLUDE_IN_FRAMEWORK_HEADER = YES;
				CLANG_WARN_RANGE_LOOP_ANALYSIS = YES;
				CLANG_WARN_STRICT_PROTOTYPES = YES;
				CLANG_WARN_SUSPICIOUS_MOVE = YES;
				CLANG_WARN_UNGUARDED_AVAILABILITY = YES_AGGRESSIVE;
				CLANG_WARN_UNREACHABLE_CODE = YES;
				CLANG_WARN__DUPLICATE_METHOD_MATCH = YES;
				COPY_PHASE_STRIP = NO;
				DEBUG_INFORMATION_FORMAT = dwarf;
				ENABLE_STRICT_OBJC_MSGSEND = YES;
				ENABLE_TESTABILITY = YES;
				GCC_C_LANGUAGE_STANDARD = gnu11;
				GCC_DYNAMIC_NO_PIC = NO;
				GCC_NO_COMMON_BLOCKS = YES;
				GCC_OPTIMIZATION_LEVEL = 0;
				GCC_PREPROCESSOR_DEFINITIONS = (
					"DEBUG=1",
					"$(inherited)",
				);
				GCC_WARN_64_TO_32_BIT_CONVERSION = YES;
				GCC_WARN_ABOUT_RETURN_TYPE = YES_ERROR;
				GCC_WARN_UNDECLARED_SELECTOR = YES;
				GCC_WARN_UNINITIALIZED_AUTOS = YES_AGGRESSIVE;
				GCC_WARN_UNUSED_FUNCTION = YES;
				GCC_WARN_UNUSED_VARIABLE = YES;
				IPHONEOS_DEPLOYMENT_TARGET = 16.2;
				MTL_ENABLE_DEBUG_INFO = INCLUDE_SOURCE;
				MTL_FAST_MATH = YES;
				ONLY_ACTIVE_ARCH = YES;
				SDKROOT = iphoneos;
				SWIFT_ACTIVE_COMPILATION_CONDITIONS = DEBUG;
				SWIFT_OPTIMIZATION_LEVEL = "-Onone";
			};
			name = Debug;
		};
		3F8FAB762B63CD010005D019 /* Release */ = {
			isa = XCBuildConfiguration;
			buildSettings = {
				ALWAYS_SEARCH_USER_PATHS = NO;
				CLANG_ANALYZER_NONNULL = YES;
				CLANG_ANALYZER_NUMBER_OBJECT_CONVERSION = YES_AGGRESSIVE;
				CLANG_CXX_LANGUAGE_STANDARD = "gnu++20";
				CLANG_ENABLE_MODULES = YES;
				CLANG_ENABLE_OBJC_ARC = YES;
				CLANG_ENABLE_OBJC_WEAK = YES;
				CLANG_WARN_BLOCK_CAPTURE_AUTORELEASING = YES;
				CLANG_WARN_BOOL_CONVERSION = YES;
				CLANG_WARN_COMMA = YES;
				CLANG_WARN_CONSTANT_CONVERSION = YES;
				CLANG_WARN_DEPRECATED_OBJC_IMPLEMENTATIONS = YES;
				CLANG_WARN_DIRECT_OBJC_ISA_USAGE = YES_ERROR;
				CLANG_WARN_DOCUMENTATION_COMMENTS = YES;
				CLANG_WARN_EMPTY_BODY = YES;
				CLANG_WARN_ENUM_CONVERSION = YES;
				CLANG_WARN_INFINITE_RECURSION = YES;
				CLANG_WARN_INT_CONVERSION = YES;
				CLANG_WARN_NON_LITERAL_NULL_CONVERSION = YES;
				CLANG_WARN_OBJC_IMPLICIT_RETAIN_SELF = YES;
				CLANG_WARN_OBJC_LITERAL_CONVERSION = YES;
				CLANG_WARN_OBJC_ROOT_CLASS = YES_ERROR;
				CLANG_WARN_QUOTED_INCLUDE_IN_FRAMEWORK_HEADER = YES;
				CLANG_WARN_RANGE_LOOP_ANALYSIS = YES;
				CLANG_WARN_STRICT_PROTOTYPES = YES;
				CLANG_WARN_SUSPICIOUS_MOVE = YES;
				CLANG_WARN_UNGUARDED_AVAILABILITY = YES_AGGRESSIVE;
				CLANG_WARN_UNREACHABLE_CODE = YES;
				CLANG_WARN__DUPLICATE_METHOD_MATCH = YES;
				COPY_PHASE_STRIP = NO;
				DEBUG_INFORMATION_FORMAT = "dwarf-with-dsym";
				ENABLE_NS_ASSERTIONS = NO;
				ENABLE_STRICT_OBJC_MSGSEND = YES;
				GCC_C_LANGUAGE_STANDARD = gnu11;
				GCC_NO_COMMON_BLOCKS = YES;
				GCC_WARN_64_TO_32_BIT_CONVERSION = YES;
				GCC_WARN_ABOUT_RETURN_TYPE = YES_ERROR;
				GCC_WARN_UNDECLARED_SELECTOR = YES;
				GCC_WARN_UNINITIALIZED_AUTOS = YES_AGGRESSIVE;
				GCC_WARN_UNUSED_FUNCTION = YES;
				GCC_WARN_UNUSED_VARIABLE = YES;
				IPHONEOS_DEPLOYMENT_TARGET = 16.2;
				MTL_ENABLE_DEBUG_INFO = NO;
				MTL_FAST_MATH = YES;
				SDKROOT = iphoneos;
				SWIFT_COMPILATION_MODE = wholemodule;
				SWIFT_OPTIMIZATION_LEVEL = "-O";
				VALIDATE_PRODUCT = YES;
			};
			name = Release;
		};
		3F8FAB782B63CD010005D019 /* Debug */ = {
			isa = XCBuildConfiguration;
			baseConfigurationReference = EBD6B22D19CF309CD9F47B61 /* Pods-DropDown.debug.xcconfig */;
			buildSettings = {
				ASSETCATALOG_COMPILER_APPICON_NAME = AppIcon;
				ASSETCATALOG_COMPILER_GLOBAL_ACCENT_COLOR_NAME = AccentColor;
				CODE_SIGN_STYLE = Automatic;
				CURRENT_PROJECT_VERSION = 1;
				DEVELOPMENT_TEAM = Q6T7K2U4VA;
				GENERATE_INFOPLIST_FILE = YES;
				INFOPLIST_FILE = DropDown/Info.plist;
				INFOPLIST_KEY_UIApplicationSupportsIndirectInputEvents = YES;
				INFOPLIST_KEY_UILaunchStoryboardName = LaunchScreen;
				INFOPLIST_KEY_UISupportedInterfaceOrientations_iPad = "UIInterfaceOrientationPortrait UIInterfaceOrientationPortraitUpsideDown UIInterfaceOrientationLandscapeLeft UIInterfaceOrientationLandscapeRight";
				INFOPLIST_KEY_UISupportedInterfaceOrientations_iPhone = "UIInterfaceOrientationPortrait UIInterfaceOrientationLandscapeLeft UIInterfaceOrientationLandscapeRight";
				LD_RUNPATH_SEARCH_PATHS = (
					"$(inherited)",
					"@executable_path/Frameworks",
				);
				MARKETING_VERSION = 1.0;
				PRODUCT_BUNDLE_IDENTIFIER = com.vladgudenko.DropDown;
				PRODUCT_NAME = "$(TARGET_NAME)";
				SWIFT_EMIT_LOC_STRINGS = YES;
				SWIFT_VERSION = 5.0;
				TARGETED_DEVICE_FAMILY = "1,2";
			};
			name = Debug;
		};
		3F8FAB792B63CD010005D019 /* Release */ = {
			isa = XCBuildConfiguration;
			baseConfigurationReference = 02AAEE8FF8F706A98B4BAD77 /* Pods-DropDown.release.xcconfig */;
			buildSettings = {
				ASSETCATALOG_COMPILER_APPICON_NAME = AppIcon;
				ASSETCATALOG_COMPILER_GLOBAL_ACCENT_COLOR_NAME = AccentColor;
				CODE_SIGN_STYLE = Automatic;
				CURRENT_PROJECT_VERSION = 1;
				DEVELOPMENT_TEAM = Q6T7K2U4VA;
				GENERATE_INFOPLIST_FILE = YES;
				INFOPLIST_FILE = DropDown/Info.plist;
				INFOPLIST_KEY_UIApplicationSupportsIndirectInputEvents = YES;
				INFOPLIST_KEY_UILaunchStoryboardName = LaunchScreen;
				INFOPLIST_KEY_UISupportedInterfaceOrientations_iPad = "UIInterfaceOrientationPortrait UIInterfaceOrientationPortraitUpsideDown UIInterfaceOrientationLandscapeLeft UIInterfaceOrientationLandscapeRight";
				INFOPLIST_KEY_UISupportedInterfaceOrientations_iPhone = "UIInterfaceOrientationPortrait UIInterfaceOrientationLandscapeLeft UIInterfaceOrientationLandscapeRight";
				LD_RUNPATH_SEARCH_PATHS = (
					"$(inherited)",
					"@executable_path/Frameworks",
				);
				MARKETING_VERSION = 1.0;
				PRODUCT_BUNDLE_IDENTIFIER = com.vladgudenko.DropDown;
				PRODUCT_NAME = "$(TARGET_NAME)";
				SWIFT_EMIT_LOC_STRINGS = YES;
				SWIFT_VERSION = 5.0;
				TARGETED_DEVICE_FAMILY = "1,2";
			};
			name = Release;
		};
/* End XCBuildConfiguration section */

/* Begin XCConfigurationList section */
		3F8FAB5E2B63CCFD0005D019 /* Build configuration list for PBXProject "DropDown" */ = {
			isa = XCConfigurationList;
			buildConfigurations = (
				3F8FAB752B63CD010005D019 /* Debug */,
				3F8FAB762B63CD010005D019 /* Release */,
			);
			defaultConfigurationIsVisible = 0;
			defaultConfigurationName = Release;
		};
		3F8FAB772B63CD010005D019 /* Build configuration list for PBXNativeTarget "DropDown" */ = {
			isa = XCConfigurationList;
			buildConfigurations = (
				3F8FAB782B63CD010005D019 /* Debug */,
				3F8FAB792B63CD010005D019 /* Release */,
			);
			defaultConfigurationIsVisible = 0;
			defaultConfigurationName = Release;
		};
/* End XCConfigurationList section */
	};
	rootObject = 3F8FAB5B2B63CCFD0005D019 /* Project object */;
}
